
Microsoft Visual Studio Solution File, Format Version 12.00
# Visual Studio Version 17
VisualStudioVersion = 17.3.32825.248
MinimumVisualStudioVersion = 10.0.40219.1
Project("{9A19103F-16F7-4668-BE54-9A1E7A4F7556}") = "SmartRetail.Client", "Client\SmartRetail.Client.csproj", "{58DDD3BA-9C1F-4137-B920-69070B5B0975}"
EndProject
Global
	GlobalSection(SolutionConfigurationPlatforms) = preSolution
		Debug|Any CPU = Debug|Any CPU
		Release|Any CPU = Release|Any CPU
	EndGlobalSection
	GlobalSection(ProjectConfigurationPlatforms) = postSolution
		{58DDD3BA-9C1F-4137-B920-69070B5B0975}.Debug|Any CPU.ActiveCfg = Debug|Any CPU
		{58DDD3BA-9C1F-4137-B920-69070B5B0975}.Debug|Any CPU.Build.0 = Debug|Any CPU
		{58DDD3BA-9C1F-4137-B920-69070B5B0975}.Release|Any CPU.ActiveCfg = Release|Any CPU
		{58DDD3BA-9C1F-4137-B920-69070B5B0975}.Release|Any CPU.Build.0 = Release|Any CPU
	EndGlobalSection
	GlobalSection(SolutionProperties) = preSolution
		HideSolutionNode = FALSE
	EndGlobalSection
	GlobalSection(ExtensibilityGlobals) = postSolution
		SolutionGuid = {3AF8E9B9-913D-4D94-9606-01EDFD647405}
	EndGlobalSection
EndGlobal
